
Microsoft Visual Studio Solution File, Format Version 12.00
# Visual Studio Version 16
VisualStudioVersion = 16.0.30114.105
MinimumVisualStudioVersion = 10.0.40219.1
Project("{FAE04EC0-301F-11D3-BF4B-00C04F79EFBC}") = "Aplicacion", "Aplicacion\Aplicacion.csproj", "{4E732CFF-2BCC-4E32-9816-CC7CD9F0EA71}"
EndProject
Project("{FAE04EC0-301F-11D3-BF4B-00C04F79EFBC}") = "Persistencia", "Persistencia\Persistencia.csproj", "{2DBFDE86-E7E3-42F4-81B0-7849DDDF6055}"
EndProject
Project("{FAE04EC0-301F-11D3-BF4B-00C04F79EFBC}") = "Dominio", "Dominio\Dominio.csproj", "{9801F1FC-4F4F-447D-96C8-AFBF791F93A0}"
EndProject
Project("{FAE04EC0-301F-11D3-BF4B-00C04F79EFBC}") = "Servicios", "Servicios\Servicios.csproj", "{7B8E977D-D9BF-416F-B7DA-105E04345490}"
EndProject
Global
	GlobalSection(SolutionConfigurationPlatforms) = preSolution
		Debug|Any CPU = Debug|Any CPU
		Debug|x64 = Debug|x64
		Debug|x86 = Debug|x86
		Release|Any CPU = Release|Any CPU
		Release|x64 = Release|x64
		Release|x86 = Release|x86
	EndGlobalSection
	GlobalSection(SolutionProperties) = preSolution
		HideSolutionNode = FALSE
	EndGlobalSection
	GlobalSection(ProjectConfigurationPlatforms) = postSolution
		{4E732CFF-2BCC-4E32-9816-CC7CD9F0EA71}.Debug|Any CPU.ActiveCfg = Debug|Any CPU
		{4E732CFF-2BCC-4E32-9816-CC7CD9F0EA71}.Debug|Any CPU.Build.0 = Debug|Any CPU
		{4E732CFF-2BCC-4E32-9816-CC7CD9F0EA71}.Debug|x64.ActiveCfg = Debug|Any CPU
		{4E732CFF-2BCC-4E32-9816-CC7CD9F0EA71}.Debug|x64.Build.0 = Debug|Any CPU
		{4E732CFF-2BCC-4E32-9816-CC7CD9F0EA71}.Debug|x86.ActiveCfg = Debug|Any CPU
		{4E732CFF-2BCC-4E32-9816-CC7CD9F0EA71}.Debug|x86.Build.0 = Debug|Any CPU
		{4E732CFF-2BCC-4E32-9816-CC7CD9F0EA71}.Release|Any CPU.ActiveCfg = Release|Any CPU
		{4E732CFF-2BCC-4E32-9816-CC7CD9F0EA71}.Release|Any CPU.Build.0 = Release|Any CPU
		{4E732CFF-2BCC-4E32-9816-CC7CD9F0EA71}.Release|x64.ActiveCfg = Release|Any CPU
		{4E732CFF-2BCC-4E32-9816-CC7CD9F0EA71}.Release|x64.Build.0 = Release|Any CPU
		{4E732CFF-2BCC-4E32-9816-CC7CD9F0EA71}.Release|x86.ActiveCfg = Release|Any CPU
		{4E732CFF-2BCC-4E32-9816-CC7CD9F0EA71}.Release|x86.Build.0 = Release|Any CPU
		{2DBFDE86-E7E3-42F4-81B0-7849DDDF6055}.Debug|Any CPU.ActiveCfg = Debug|Any CPU
		{2DBFDE86-E7E3-42F4-81B0-7849DDDF6055}.Debug|Any CPU.Build.0 = Debug|Any CPU
		{2DBFDE86-E7E3-42F4-81B0-7849DDDF6055}.Debug|x64.ActiveCfg = Debug|Any CPU
		{2DBFDE86-E7E3-42F4-81B0-7849DDDF6055}.Debug|x64.Build.0 = Debug|Any CPU
		{2DBFDE86-E7E3-42F4-81B0-7849DDDF6055}.Debug|x86.ActiveCfg = Debug|Any CPU
		{2DBFDE86-E7E3-42F4-81B0-7849DDDF6055}.Debug|x86.Build.0 = Debug|Any CPU
		{2DBFDE86-E7E3-42F4-81B0-7849DDDF6055}.Release|Any CPU.ActiveCfg = Release|Any CPU
		{2DBFDE86-E7E3-42F4-81B0-7849DDDF6055}.Release|Any CPU.Build.0 = Release|Any CPU
		{2DBFDE86-E7E3-42F4-81B0-7849DDDF6055}.Release|x64.ActiveCfg = Release|Any CPU
		{2DBFDE86-E7E3-42F4-81B0-7849DDDF6055}.Release|x64.Build.0 = Release|Any CPU
		{2DBFDE86-E7E3-42F4-81B0-7849DDDF6055}.Release|x86.ActiveCfg = Release|Any CPU
		{2DBFDE86-E7E3-42F4-81B0-7849DDDF6055}.Release|x86.Build.0 = Release|Any CPU
		{9801F1FC-4F4F-447D-96C8-AFBF791F93A0}.Debug|Any CPU.ActiveCfg = Debug|Any CPU
		{9801F1FC-4F4F-447D-96C8-AFBF791F93A0}.Debug|Any CPU.Build.0 = Debug|Any CPU
		{9801F1FC-4F4F-447D-96C8-AFBF791F93A0}.Debug|x64.ActiveCfg = Debug|Any CPU
		{9801F1FC-4F4F-447D-96C8-AFBF791F93A0}.Debug|x64.Build.0 = Debug|Any CPU
		{9801F1FC-4F4F-447D-96C8-AFBF791F93A0}.Debug|x86.ActiveCfg = Debug|Any CPU
		{9801F1FC-4F4F-447D-96C8-AFBF791F93A0}.Debug|x86.Build.0 = Debug|Any CPU
		{9801F1FC-4F4F-447D-96C8-AFBF791F93A0}.Release|Any CPU.ActiveCfg = Release|Any CPU
		{9801F1FC-4F4F-447D-96C8-AFBF791F93A0}.Release|Any CPU.Build.0 = Release|Any CPU
		{9801F1FC-4F4F-447D-96C8-AFBF791F93A0}.Release|x64.ActiveCfg = Release|Any CPU
		{9801F1FC-4F4F-447D-96C8-AFBF791F93A0}.Release|x64.Build.0 = Release|Any CPU
		{9801F1FC-4F4F-447D-96C8-AFBF791F93A0}.Release|x86.ActiveCfg = Release|Any CPU
		{9801F1FC-4F4F-447D-96C8-AFBF791F93A0}.Release|x86.Build.0 = Release|Any CPU
		{7B8E977D-D9BF-416F-B7DA-105E04345490}.Debug|Any CPU.ActiveCfg = Debug|Any CPU
		{7B8E977D-D9BF-416F-B7DA-105E04345490}.Debug|Any CPU.Build.0 = Debug|Any CPU
		{7B8E977D-D9BF-416F-B7DA-105E04345490}.Debug|x64.ActiveCfg = Debug|Any CPU
		{7B8E977D-D9BF-416F-B7DA-105E04345490}.Debug|x64.Build.0 = Debug|Any CPU
		{7B8E977D-D9BF-416F-B7DA-105E04345490}.Debug|x86.ActiveCfg = Debug|Any CPU
		{7B8E977D-D9BF-416F-B7DA-105E04345490}.Debug|x86.Build.0 = Debug|Any CPU
		{7B8E977D-D9BF-416F-B7DA-105E04345490}.Release|Any CPU.ActiveCfg = Release|Any CPU
		{7B8E977D-D9BF-416F-B7DA-105E04345490}.Release|Any CPU.Build.0 = Release|Any CPU
		{7B8E977D-D9BF-416F-B7DA-105E04345490}.Release|x64.ActiveCfg = Release|Any CPU
		{7B8E977D-D9BF-416F-B7DA-105E04345490}.Release|x64.Build.0 = Release|Any CPU
		{7B8E977D-D9BF-416F-B7DA-105E04345490}.Release|x86.ActiveCfg = Release|Any CPU
		{7B8E977D-D9BF-416F-B7DA-105E04345490}.Release|x86.Build.0 = Release|Any CPU
	EndGlobalSection
EndGlobal
